
Microsoft Visual Studio Solution File, Format Version 12.00
Project("{FAE04EC0-301F-11D3-BF4B-00C04F79EFBC}") = "Domain", "Domain\Domain.csproj", "{28872B01-179B-4A14-8E64-218F724BFA38}"
EndProject
Project("{FAE04EC0-301F-11D3-BF4B-00C04F79EFBC}") = "Repository", "Repository\Repository.csproj", "{B5BAA4B7-9FBC-47E5-8C2E-8BF73DCA71C9}"
EndProject
Project("{FAE04EC0-301F-11D3-BF4B-00C04F79EFBC}") = "Service", "Service\Service.csproj", "{9E3DAC31-B4BA-4DD5-8736-FC054094ABB4}"
EndProject
Project("{FAE04EC0-301F-11D3-BF4B-00C04F79EFBC}") = "Web", "Web\Web.csproj", "{2981B8EF-DEBB-42D5-A112-433C1592941B}"
EndProject
Project("{2150E333-8FDC-42A3-9474-1A3956D46DE8}") = "Solution Items", "Solution Items", "{2A9E04BA-2589-4193-8568-4C2CC5098EC5}"
	ProjectSection(SolutionItems) = preProject
		compose.yaml = compose.yaml
	EndProjectSection
EndProject
Global
	GlobalSection(SolutionConfigurationPlatforms) = preSolution
		Debug|Any CPU = Debug|Any CPU
		Release|Any CPU = Release|Any CPU
	EndGlobalSection
	GlobalSection(ProjectConfigurationPlatforms) = postSolution
		{28872B01-179B-4A14-8E64-218F724BFA38}.Debug|Any CPU.ActiveCfg = Debug|Any CPU
		{28872B01-179B-4A14-8E64-218F724BFA38}.Debug|Any CPU.Build.0 = Debug|Any CPU
		{28872B01-179B-4A14-8E64-218F724BFA38}.Release|Any CPU.ActiveCfg = Release|Any CPU
		{28872B01-179B-4A14-8E64-218F724BFA38}.Release|Any CPU.Build.0 = Release|Any CPU
		{B5BAA4B7-9FBC-47E5-8C2E-8BF73DCA71C9}.Debug|Any CPU.ActiveCfg = Debug|Any CPU
		{B5BAA4B7-9FBC-47E5-8C2E-8BF73DCA71C9}.Debug|Any CPU.Build.0 = Debug|Any CPU
		{B5BAA4B7-9FBC-47E5-8C2E-8BF73DCA71C9}.Release|Any CPU.ActiveCfg = Release|Any CPU
		{B5BAA4B7-9FBC-47E5-8C2E-8BF73DCA71C9}.Release|Any CPU.Build.0 = Release|Any CPU
		{9E3DAC31-B4BA-4DD5-8736-FC054094ABB4}.Debug|Any CPU.ActiveCfg = Debug|Any CPU
		{9E3DAC31-B4BA-4DD5-8736-FC054094ABB4}.Debug|Any CPU.Build.0 = Debug|Any CPU
		{9E3DAC31-B4BA-4DD5-8736-FC054094ABB4}.Release|Any CPU.ActiveCfg = Release|Any CPU
		{9E3DAC31-B4BA-4DD5-8736-FC054094ABB4}.Release|Any CPU.Build.0 = Release|Any CPU
		{2981B8EF-DEBB-42D5-A112-433C1592941B}.Debug|Any CPU.ActiveCfg = Debug|Any CPU
		{2981B8EF-DEBB-42D5-A112-433C1592941B}.Debug|Any CPU.Build.0 = Debug|Any CPU
		{2981B8EF-DEBB-42D5-A112-433C1592941B}.Release|Any CPU.ActiveCfg = Release|Any CPU
		{2981B8EF-DEBB-42D5-A112-433C1592941B}.Release|Any CPU.Build.0 = Release|Any CPU
	EndGlobalSection
EndGlobal
